// !$*UTF8*$!
{
	archiveVersion = 1;
	classes = {
	};
	objectVersion = 55;
	objects = {

/* Begin PBXBuildFile section */
		D10A879028A3D9B7007BC519 /* GeocoderRouter.swift in Sources */ = {isa = PBXBuildFile; fileRef = D10A878F28A3D9B7007BC519 /* GeocoderRouter.swift */; };
		D10A879228A3DA27007BC519 /* DirectGeocodingParams.swift in Sources */ = {isa = PBXBuildFile; fileRef = D10A879128A3DA27007BC519 /* DirectGeocodingParams.swift */; };
		D10A879428A3E191007BC519 /* SearchPlaceCell.swift in Sources */ = {isa = PBXBuildFile; fileRef = D10A879328A3E191007BC519 /* SearchPlaceCell.swift */; };
		D10A879728A424E5007BC519 /* AddressLocation+Fixtures.swift in Sources */ = {isa = PBXBuildFile; fileRef = D10A879628A424E5007BC519 /* AddressLocation+Fixtures.swift */; };
		D10A879928A42672007BC519 /* WeatherAttributes+Fixtures.swift in Sources */ = {isa = PBXBuildFile; fileRef = D10A879828A42672007BC519 /* WeatherAttributes+Fixtures.swift */; };
		D10A879B28A42782007BC519 /* WeatherInfo+Fixtures.swift in Sources */ = {isa = PBXBuildFile; fileRef = D10A879A28A42782007BC519 /* WeatherInfo+Fixtures.swift */; };
		D10A879D28A42D62007BC519 /* DailyWeatherAttributes+Fixtures.swift in Sources */ = {isa = PBXBuildFile; fileRef = D10A879C28A42D62007BC519 /* DailyWeatherAttributes+Fixtures.swift */; };
		D10A879F28A42E67007BC519 /* DailyTemperature+Fixtures.swift in Sources */ = {isa = PBXBuildFile; fileRef = D10A879E28A42E67007BC519 /* DailyTemperature+Fixtures.swift */; };
		D10A87A428A4320E007BC519 /* FontWeight.swift in Sources */ = {isa = PBXBuildFile; fileRef = D10A87A328A4320E007BC519 /* FontWeight.swift */; };
		D10A87A628A43291007BC519 /* FontSize.swift in Sources */ = {isa = PBXBuildFile; fileRef = D10A87A528A43291007BC519 /* FontSize.swift */; };
		D10A87A828A4359A007BC519 /* Font+Extension.swift in Sources */ = {isa = PBXBuildFile; fileRef = D10A87A728A4359A007BC519 /* Font+Extension.swift */; };
		D13135C828A18C2F0050B1EA /* TabBarView.swift in Sources */ = {isa = PBXBuildFile; fileRef = D13135C728A18C2F0050B1EA /* TabBarView.swift */; };
		D13135CB28A190AE0050B1EA /* SearchPlaceView.swift in Sources */ = {isa = PBXBuildFile; fileRef = D13135CA28A190AE0050B1EA /* SearchPlaceView.swift */; };
		D13135CD28A194F00050B1EA /* Colors.xcassets in Resources */ = {isa = PBXBuildFile; fileRef = D13135CC28A194F00050B1EA /* Colors.xcassets */; };
		D13135CF28A1968E0050B1EA /* Color+Extension.swift in Sources */ = {isa = PBXBuildFile; fileRef = D13135CE28A1968E0050B1EA /* Color+Extension.swift */; };
		D13231502743DFCD004D8512 /* WhatWeatherApp.swift in Sources */ = {isa = PBXBuildFile; fileRef = D132314F2743DFCD004D8512 /* WhatWeatherApp.swift */; };
		D13231542743DFCE004D8512 /* Assets.xcassets in Resources */ = {isa = PBXBuildFile; fileRef = D13231532743DFCE004D8512 /* Assets.xcassets */; };
		D13231572743DFCE004D8512 /* Preview Assets.xcassets in Resources */ = {isa = PBXBuildFile; fileRef = D13231562743DFCE004D8512 /* Preview Assets.xcassets */; };
		D13231612743DFCE004D8512 /* WhatWeatherTests.swift in Sources */ = {isa = PBXBuildFile; fileRef = D13231602743DFCE004D8512 /* WhatWeatherTests.swift */; };
		D132316B2743DFCE004D8512 /* WhatWeatherUITests.swift in Sources */ = {isa = PBXBuildFile; fileRef = D132316A2743DFCE004D8512 /* WhatWeatherUITests.swift */; };
		D132316D2743DFCE004D8512 /* WhatWeatherUITestsLaunchTests.swift in Sources */ = {isa = PBXBuildFile; fileRef = D132316C2743DFCE004D8512 /* WhatWeatherUITestsLaunchTests.swift */; };
		D150C90728A2CAFD00121F52 /* SearchPlaceViewModel.swift in Sources */ = {isa = PBXBuildFile; fileRef = D150C90628A2CAFD00121F52 /* SearchPlaceViewModel.swift */; };
		D150C90928A2CBBA00121F52 /* GetPlacesUseCase.swift in Sources */ = {isa = PBXBuildFile; fileRef = D150C90828A2CBBA00121F52 /* GetPlacesUseCase.swift */; };
		D150C90B28A2CE1D00121F52 /* GeocoderRepository.swift in Sources */ = {isa = PBXBuildFile; fileRef = D150C90A28A2CE1D00121F52 /* GeocoderRepository.swift */; };
		D150C90D28A2CFF100121F52 /* GeocodeRepositoryImpl.swift in Sources */ = {isa = PBXBuildFile; fileRef = D150C90C28A2CFF100121F52 /* GeocodeRepositoryImpl.swift */; };
		D150C90F28A2D08600121F52 /* GeocoderDataSource.swift in Sources */ = {isa = PBXBuildFile; fileRef = D150C90E28A2D08600121F52 /* GeocoderDataSource.swift */; };
		D150C91228A2D0C400121F52 /* GeocoderRemoteDataSource.swift in Sources */ = {isa = PBXBuildFile; fileRef = D150C91128A2D0C400121F52 /* GeocoderRemoteDataSource.swift */; };
		D150C91428A2D30F00121F52 /* GetUserAddressUseCase.swift in Sources */ = {isa = PBXBuildFile; fileRef = D150C91328A2D30F00121F52 /* GetUserAddressUseCase.swift */; };
		D150C91628A2E0A000121F52 /* AddressLocation.swift in Sources */ = {isa = PBXBuildFile; fileRef = D150C91528A2E09F00121F52 /* AddressLocation.swift */; };
		D150C91928A2E5DA00121F52 /* MapKit.framework in Frameworks */ = {isa = PBXBuildFile; fileRef = D150C91828A2E5DA00121F52 /* MapKit.framework */; };
		D18B574728A5721E0073A7D9 /* WeatherIconRemoteDataSource.swift in Sources */ = {isa = PBXBuildFile; fileRef = D18B574628A5721E0073A7D9 /* WeatherIconRemoteDataSource.swift */; };
		D18B574928A572240073A7D9 /* WeatherIconRouter.swift in Sources */ = {isa = PBXBuildFile; fileRef = D18B574828A572240073A7D9 /* WeatherIconRouter.swift */; };
		D18B574B28A572600073A7D9 /* WeatherIconParams.swift in Sources */ = {isa = PBXBuildFile; fileRef = D18B574A28A572600073A7D9 /* WeatherIconParams.swift */; };
		D18B574D28A5750A0073A7D9 /* String+Extension.swift in Sources */ = {isa = PBXBuildFile; fileRef = D18B574C28A5750A0073A7D9 /* String+Extension.swift */; };
		D18B574F28A577430073A7D9 /* WeatherIconDataSource.swift in Sources */ = {isa = PBXBuildFile; fileRef = D18B574E28A577430073A7D9 /* WeatherIconDataSource.swift */; };
		D18B575128A577930073A7D9 /* WeatherIconRepositoryImpl.swift in Sources */ = {isa = PBXBuildFile; fileRef = D18B575028A577930073A7D9 /* WeatherIconRepositoryImpl.swift */; };
		D18B575328A577AF0073A7D9 /* WeatherIconRepository.swift in Sources */ = {isa = PBXBuildFile; fileRef = D18B575228A577AF0073A7D9 /* WeatherIconRepository.swift */; };
		D18B575528A584F50073A7D9 /* GetWeatherIconUseCase.swift in Sources */ = {isa = PBXBuildFile; fileRef = D18B575428A584F50073A7D9 /* GetWeatherIconUseCase.swift */; };
		D18B575728A588E50073A7D9 /* DataSourceType.swift in Sources */ = {isa = PBXBuildFile; fileRef = D18B575628A588E50073A7D9 /* DataSourceType.swift */; };
		D18B575928A589BF0073A7D9 /* WeatherIconDatabaseDataSource.swift in Sources */ = {isa = PBXBuildFile; fileRef = D18B575828A589BF0073A7D9 /* WeatherIconDatabaseDataSource.swift */; };
		D18B575B28A58B130073A7D9 /* FileManagerError.swift in Sources */ = {isa = PBXBuildFile; fileRef = D18B575A28A58B130073A7D9 /* FileManagerError.swift */; };
		D18BF2C928A441070099AB8A /* PaddingSize.swift in Sources */ = {isa = PBXBuildFile; fileRef = D18BF2C828A441070099AB8A /* PaddingSize.swift */; };
		D18BF2CB28A441D90099AB8A /* CGFloat+Extension.swift in Sources */ = {isa = PBXBuildFile; fileRef = D18BF2CA28A441D90099AB8A /* CGFloat+Extension.swift */; };
		D19733D428708C330056FA2A /* OneCallRemoteDataSource.swift in Sources */ = {isa = PBXBuildFile; fileRef = D19733D328708C330056FA2A /* OneCallRemoteDataSource.swift */; };
		D19733DF287095B70056FA2A /* CombineMoya in Frameworks */ = {isa = PBXBuildFile; productRef = D19733DE287095B70056FA2A /* CombineMoya */; };
		D19733E2287097380056FA2A /* OneCallRouter.swift in Sources */ = {isa = PBXBuildFile; fileRef = D19733E1287097380056FA2A /* OneCallRouter.swift */; };
		D1A3A1D428AE85B400DAB76D /* PlaceDetailView.swift in Sources */ = {isa = PBXBuildFile; fileRef = D1A3A1D328AE85B400DAB76D /* PlaceDetailView.swift */; };
		D1A3A1D628AE85C300DAB76D /* PlaceDetailViewModel.swift in Sources */ = {isa = PBXBuildFile; fileRef = D1A3A1D528AE85C300DAB76D /* PlaceDetailViewModel.swift */; };
		D1A3A1D828AE874F00DAB76D /* CurrentWeatherView.swift in Sources */ = {isa = PBXBuildFile; fileRef = D1A3A1D728AE874F00DAB76D /* CurrentWeatherView.swift */; };
		D1A3A1DD28AE878C00DAB76D /* CurrentWeatherViewModel.swift in Sources */ = {isa = PBXBuildFile; fileRef = D1A3A1DC28AE878C00DAB76D /* CurrentWeatherViewModel.swift */; };
		D1A3A1DF28AE888700DAB76D /* WeatherData+Fixtures.swift in Sources */ = {isa = PBXBuildFile; fileRef = D1A3A1DE28AE888700DAB76D /* WeatherData+Fixtures.swift */; };
		D1A3A1E428AEC11400DAB76D /* TranslucentButtonStyle.swift in Sources */ = {isa = PBXBuildFile; fileRef = D1A3A1E328AEC11400DAB76D /* TranslucentButtonStyle.swift */; };
		D1B64186289AFAC000807418 /* ErrorView.swift in Sources */ = {isa = PBXBuildFile; fileRef = D1B64185289AFAC000807418 /* ErrorView.swift */; };
		D1B64188289AFC9B00807418 /* LoadingState.swift in Sources */ = {isa = PBXBuildFile; fileRef = D1B64187289AFC9B00807418 /* LoadingState.swift */; };
		D1B6418A289AFCC500807418 /* LoadableObject.swift in Sources */ = {isa = PBXBuildFile; fileRef = D1B64189289AFCC500807418 /* LoadableObject.swift */; };
		D1B64190289B094400807418 /* DataError.swift in Sources */ = {isa = PBXBuildFile; fileRef = D1B6418F289B094400807418 /* DataError.swift */; };
		D1B64192289D8E9500807418 /* HourlyListView.swift in Sources */ = {isa = PBXBuildFile; fileRef = D1B64191289D8E9500807418 /* HourlyListView.swift */; };
		D1D7AD952877687700D7D12C /* Double+Extension.swift in Sources */ = {isa = PBXBuildFile; fileRef = D1D7AD942877687700D7D12C /* Double+Extension.swift */; };
		D1D7AD9728776DA000D7D12C /* DailyTemperature.swift in Sources */ = {isa = PBXBuildFile; fileRef = D1D7AD9628776DA000D7D12C /* DailyTemperature.swift */; };
		D1D7AD9928776E9E00D7D12C /* DailyWeatherAttributes.swift in Sources */ = {isa = PBXBuildFile; fileRef = D1D7AD9828776E9E00D7D12C /* DailyWeatherAttributes.swift */; };
		D1DFEA1A28A13E35000EF39D /* Int+Extension.swift in Sources */ = {isa = PBXBuildFile; fileRef = D1DFEA1928A13E35000EF39D /* Int+Extension.swift */; };
		D1DFEA1C28A13EA8000EF39D /* DateFormats.swift in Sources */ = {isa = PBXBuildFile; fileRef = D1DFEA1B28A13EA8000EF39D /* DateFormats.swift */; };
		D1DFEA1E28A141B6000EF39D /* DailyListView.swift in Sources */ = {isa = PBXBuildFile; fileRef = D1DFEA1D28A141B6000EF39D /* DailyListView.swift */; };
		D1E58ECF2870986B007ABE93 /* NetworkSettings.swift in Sources */ = {isa = PBXBuildFile; fileRef = D1E58ECE2870986B007ABE93 /* NetworkSettings.swift */; };
		D1F4E38228A29C09003F2E48 /* View+Extension.swift in Sources */ = {isa = PBXBuildFile; fileRef = D1F4E38128A29C09003F2E48 /* View+Extension.swift */; };
		D1F5357E2873183400E21925 /* OneCallRequestParams.swift in Sources */ = {isa = PBXBuildFile; fileRef = D1F5357D2873183400E21925 /* OneCallRequestParams.swift */; };
		D1F5358328731FCF00E21925 /* ApiKey.swift in Sources */ = {isa = PBXBuildFile; fileRef = D1F5358228731FCF00E21925 /* ApiKey.swift */; };
		D1F535852873205900E21925 /* Constants.swift in Sources */ = {isa = PBXBuildFile; fileRef = D1F535842873205900E21925 /* Constants.swift */; };
		D1F53587287329F200E21925 /* OneCallRepositoryImpl.swift in Sources */ = {isa = PBXBuildFile; fileRef = D1F53586287329F200E21925 /* OneCallRepositoryImpl.swift */; };
		D1F5358928732A6A00E21925 /* OneCallRepository.swift in Sources */ = {isa = PBXBuildFile; fileRef = D1F5358828732A6A00E21925 /* OneCallRepository.swift */; };
		D1F5358B28732AC300E21925 /* OneCallDataSource.swift in Sources */ = {isa = PBXBuildFile; fileRef = D1F5358A28732AC300E21925 /* OneCallDataSource.swift */; };
		D1F5358D28732B8200E21925 /* WeatherData.swift in Sources */ = {isa = PBXBuildFile; fileRef = D1F5358C28732B8200E21925 /* WeatherData.swift */; };
		D1F5358F28732F7000E21925 /* WeatherAttributes.swift in Sources */ = {isa = PBXBuildFile; fileRef = D1F5358E28732F7000E21925 /* WeatherAttributes.swift */; };
		D1F535912873316400E21925 /* WeatherInfo.swift in Sources */ = {isa = PBXBuildFile; fileRef = D1F535902873316400E21925 /* WeatherInfo.swift */; };
		D1F535932873347A00E21925 /* GetCurrentWeatherUseCase.swift in Sources */ = {isa = PBXBuildFile; fileRef = D1F535922873347A00E21925 /* GetCurrentWeatherUseCase.swift */; };
		D1F535972873620D00E21925 /* DashboardViewModel.swift in Sources */ = {isa = PBXBuildFile; fileRef = D1F535962873620D00E21925 /* DashboardViewModel.swift */; };
		D1F535992873622E00E21925 /* DashboardView.swift in Sources */ = {isa = PBXBuildFile; fileRef = D1F535982873622E00E21925 /* DashboardView.swift */; };
		D1F5359C28736A7600E21925 /* Swinject-Dynamic in Frameworks */ = {isa = PBXBuildFile; productRef = D1F5359B28736A7600E21925 /* Swinject-Dynamic */; };
		D1F5359F28736BC400E21925 /* DependencyInjectionContainer.swift in Sources */ = {isa = PBXBuildFile; fileRef = D1F5359E28736BC400E21925 /* DependencyInjectionContainer.swift */; };
		D1F535A22873749200E21925 /* CompositionRoot.swift in Sources */ = {isa = PBXBuildFile; fileRef = D1F535A12873749200E21925 /* CompositionRoot.swift */; };
		D1FC6082287474C300F28FBD /* Swinject-Dynamic in Embed Frameworks */ = {isa = PBXBuildFile; productRef = D1F5359B28736A7600E21925 /* Swinject-Dynamic */; };
		D1FC608528747DD700F28FBD /* GetUserLocationUseCase.swift in Sources */ = {isa = PBXBuildFile; fileRef = D1FC608428747DD700F28FBD /* GetUserLocationUseCase.swift */; };
		D1FC6088287486E000F28FBD /* LocationError.swift in Sources */ = {isa = PBXBuildFile; fileRef = D1FC6087287486E000F28FBD /* LocationError.swift */; };
/* End PBXBuildFile section */

/* Begin PBXContainerItemProxy section */
		D132315D2743DFCE004D8512 /* PBXContainerItemProxy */ = {
			isa = PBXContainerItemProxy;
			containerPortal = D13231442743DFCD004D8512 /* Project object */;
			proxyType = 1;
			remoteGlobalIDString = D132314B2743DFCD004D8512;
			remoteInfo = WhatWeather;
		};
		D13231672743DFCE004D8512 /* PBXContainerItemProxy */ = {
			isa = PBXContainerItemProxy;
			containerPortal = D13231442743DFCD004D8512 /* Project object */;
			proxyType = 1;
			remoteGlobalIDString = D132314B2743DFCD004D8512;
			remoteInfo = WhatWeather;
		};
/* End PBXContainerItemProxy section */

/* Begin PBXCopyFilesBuildPhase section */
		D1FC6083287474C300F28FBD /* Embed Frameworks */ = {
			isa = PBXCopyFilesBuildPhase;
			buildActionMask = 2147483647;
			dstPath = "";
			dstSubfolderSpec = 10;
			files = (
				D1FC6082287474C300F28FBD /* Swinject-Dynamic in Embed Frameworks */,
			);
			name = "Embed Frameworks";
			runOnlyForDeploymentPostprocessing = 0;
		};
/* End PBXCopyFilesBuildPhase section */

/* Begin PBXFileReference section */
		D10A878F28A3D9B7007BC519 /* GeocoderRouter.swift */ = {isa = PBXFileReference; lastKnownFileType = sourcecode.swift; path = GeocoderRouter.swift; sourceTree = "<group>"; };
		D10A879128A3DA27007BC519 /* DirectGeocodingParams.swift */ = {isa = PBXFileReference; lastKnownFileType = sourcecode.swift; path = DirectGeocodingParams.swift; sourceTree = "<group>"; };
		D10A879328A3E191007BC519 /* SearchPlaceCell.swift */ = {isa = PBXFileReference; lastKnownFileType = sourcecode.swift; path = SearchPlaceCell.swift; sourceTree = "<group>"; };
		D10A879628A424E5007BC519 /* AddressLocation+Fixtures.swift */ = {isa = PBXFileReference; lastKnownFileType = sourcecode.swift; path = "AddressLocation+Fixtures.swift"; sourceTree = "<group>"; };
		D10A879828A42672007BC519 /* WeatherAttributes+Fixtures.swift */ = {isa = PBXFileReference; lastKnownFileType = sourcecode.swift; path = "WeatherAttributes+Fixtures.swift"; sourceTree = "<group>"; };
		D10A879A28A42782007BC519 /* WeatherInfo+Fixtures.swift */ = {isa = PBXFileReference; lastKnownFileType = sourcecode.swift; path = "WeatherInfo+Fixtures.swift"; sourceTree = "<group>"; };
		D10A879C28A42D62007BC519 /* DailyWeatherAttributes+Fixtures.swift */ = {isa = PBXFileReference; lastKnownFileType = sourcecode.swift; path = "DailyWeatherAttributes+Fixtures.swift"; sourceTree = "<group>"; };
		D10A879E28A42E67007BC519 /* DailyTemperature+Fixtures.swift */ = {isa = PBXFileReference; lastKnownFileType = sourcecode.swift; path = "DailyTemperature+Fixtures.swift"; sourceTree = "<group>"; };
		D10A87A328A4320E007BC519 /* FontWeight.swift */ = {isa = PBXFileReference; lastKnownFileType = sourcecode.swift; path = FontWeight.swift; sourceTree = "<group>"; };
		D10A87A528A43291007BC519 /* FontSize.swift */ = {isa = PBXFileReference; lastKnownFileType = sourcecode.swift; path = FontSize.swift; sourceTree = "<group>"; };
		D10A87A728A4359A007BC519 /* Font+Extension.swift */ = {isa = PBXFileReference; lastKnownFileType = sourcecode.swift; path = "Font+Extension.swift"; sourceTree = "<group>"; };
		D13135C728A18C2F0050B1EA /* TabBarView.swift */ = {isa = PBXFileReference; lastKnownFileType = sourcecode.swift; path = TabBarView.swift; sourceTree = "<group>"; };
		D13135CA28A190AE0050B1EA /* SearchPlaceView.swift */ = {isa = PBXFileReference; lastKnownFileType = sourcecode.swift; path = SearchPlaceView.swift; sourceTree = "<group>"; };
		D13135CC28A194F00050B1EA /* Colors.xcassets */ = {isa = PBXFileReference; lastKnownFileType = folder.assetcatalog; path = Colors.xcassets; sourceTree = "<group>"; };
		D13135CE28A1968E0050B1EA /* Color+Extension.swift */ = {isa = PBXFileReference; lastKnownFileType = sourcecode.swift; path = "Color+Extension.swift"; sourceTree = "<group>"; };
		D132314C2743DFCD004D8512 /* WhatWeather.app */ = {isa = PBXFileReference; explicitFileType = wrapper.application; includeInIndex = 0; path = WhatWeather.app; sourceTree = BUILT_PRODUCTS_DIR; };
		D132314F2743DFCD004D8512 /* WhatWeatherApp.swift */ = {isa = PBXFileReference; lastKnownFileType = sourcecode.swift; path = WhatWeatherApp.swift; sourceTree = "<group>"; };
		D13231532743DFCE004D8512 /* Assets.xcassets */ = {isa = PBXFileReference; lastKnownFileType = folder.assetcatalog; path = Assets.xcassets; sourceTree = "<group>"; };
		D13231562743DFCE004D8512 /* Preview Assets.xcassets */ = {isa = PBXFileReference; lastKnownFileType = folder.assetcatalog; path = "Preview Assets.xcassets"; sourceTree = "<group>"; };
		D132315C2743DFCE004D8512 /* WhatWeatherTests.xctest */ = {isa = PBXFileReference; explicitFileType = wrapper.cfbundle; includeInIndex = 0; path = WhatWeatherTests.xctest; sourceTree = BUILT_PRODUCTS_DIR; };
		D13231602743DFCE004D8512 /* WhatWeatherTests.swift */ = {isa = PBXFileReference; lastKnownFileType = sourcecode.swift; path = WhatWeatherTests.swift; sourceTree = "<group>"; };
		D13231662743DFCE004D8512 /* WhatWeatherUITests.xctest */ = {isa = PBXFileReference; explicitFileType = wrapper.cfbundle; includeInIndex = 0; path = WhatWeatherUITests.xctest; sourceTree = BUILT_PRODUCTS_DIR; };
		D132316A2743DFCE004D8512 /* WhatWeatherUITests.swift */ = {isa = PBXFileReference; lastKnownFileType = sourcecode.swift; path = WhatWeatherUITests.swift; sourceTree = "<group>"; };
		D132316C2743DFCE004D8512 /* WhatWeatherUITestsLaunchTests.swift */ = {isa = PBXFileReference; lastKnownFileType = sourcecode.swift; path = WhatWeatherUITestsLaunchTests.swift; sourceTree = "<group>"; };
		D150C90628A2CAFD00121F52 /* SearchPlaceViewModel.swift */ = {isa = PBXFileReference; lastKnownFileType = sourcecode.swift; path = SearchPlaceViewModel.swift; sourceTree = "<group>"; };
		D150C90828A2CBBA00121F52 /* GetPlacesUseCase.swift */ = {isa = PBXFileReference; lastKnownFileType = sourcecode.swift; path = GetPlacesUseCase.swift; sourceTree = "<group>"; };
		D150C90A28A2CE1D00121F52 /* GeocoderRepository.swift */ = {isa = PBXFileReference; lastKnownFileType = sourcecode.swift; path = GeocoderRepository.swift; sourceTree = "<group>"; };
		D150C90C28A2CFF100121F52 /* GeocodeRepositoryImpl.swift */ = {isa = PBXFileReference; lastKnownFileType = sourcecode.swift; path = GeocodeRepositoryImpl.swift; sourceTree = "<group>"; };
		D150C90E28A2D08600121F52 /* GeocoderDataSource.swift */ = {isa = PBXFileReference; lastKnownFileType = sourcecode.swift; path = GeocoderDataSource.swift; sourceTree = "<group>"; };
		D150C91128A2D0C400121F52 /* GeocoderRemoteDataSource.swift */ = {isa = PBXFileReference; lastKnownFileType = sourcecode.swift; path = GeocoderRemoteDataSource.swift; sourceTree = "<group>"; };
		D150C91328A2D30F00121F52 /* GetUserAddressUseCase.swift */ = {isa = PBXFileReference; lastKnownFileType = sourcecode.swift; path = GetUserAddressUseCase.swift; sourceTree = "<group>"; };
		D150C91528A2E09F00121F52 /* AddressLocation.swift */ = {isa = PBXFileReference; lastKnownFileType = sourcecode.swift; path = AddressLocation.swift; sourceTree = "<group>"; };
		D150C91728A2E5DA00121F52 /* Info.plist */ = {isa = PBXFileReference; lastKnownFileType = text.plist; path = Info.plist; sourceTree = "<group>"; };
		D150C91828A2E5DA00121F52 /* MapKit.framework */ = {isa = PBXFileReference; lastKnownFileType = wrapper.framework; name = MapKit.framework; path = System/Library/Frameworks/MapKit.framework; sourceTree = SDKROOT; };
		D18B574628A5721E0073A7D9 /* WeatherIconRemoteDataSource.swift */ = {isa = PBXFileReference; lastKnownFileType = sourcecode.swift; path = WeatherIconRemoteDataSource.swift; sourceTree = "<group>"; };
		D18B574828A572240073A7D9 /* WeatherIconRouter.swift */ = {isa = PBXFileReference; lastKnownFileType = sourcecode.swift; path = WeatherIconRouter.swift; sourceTree = "<group>"; };
		D18B574A28A572600073A7D9 /* WeatherIconParams.swift */ = {isa = PBXFileReference; lastKnownFileType = sourcecode.swift; path = WeatherIconParams.swift; sourceTree = "<group>"; };
		D18B574C28A5750A0073A7D9 /* String+Extension.swift */ = {isa = PBXFileReference; lastKnownFileType = sourcecode.swift; path = "String+Extension.swift"; sourceTree = "<group>"; };
		D18B574E28A577430073A7D9 /* WeatherIconDataSource.swift */ = {isa = PBXFileReference; lastKnownFileType = sourcecode.swift; path = WeatherIconDataSource.swift; sourceTree = "<group>"; };
		D18B575028A577930073A7D9 /* WeatherIconRepositoryImpl.swift */ = {isa = PBXFileReference; lastKnownFileType = sourcecode.swift; path = WeatherIconRepositoryImpl.swift; sourceTree = "<group>"; };
		D18B575228A577AF0073A7D9 /* WeatherIconRepository.swift */ = {isa = PBXFileReference; lastKnownFileType = sourcecode.swift; path = WeatherIconRepository.swift; sourceTree = "<group>"; };
		D18B575428A584F50073A7D9 /* GetWeatherIconUseCase.swift */ = {isa = PBXFileReference; lastKnownFileType = sourcecode.swift; path = GetWeatherIconUseCase.swift; sourceTree = "<group>"; };
		D18B575628A588E50073A7D9 /* DataSourceType.swift */ = {isa = PBXFileReference; lastKnownFileType = sourcecode.swift; path = DataSourceType.swift; sourceTree = "<group>"; };
		D18B575828A589BF0073A7D9 /* WeatherIconDatabaseDataSource.swift */ = {isa = PBXFileReference; lastKnownFileType = sourcecode.swift; path = WeatherIconDatabaseDataSource.swift; sourceTree = "<group>"; };
		D18B575A28A58B130073A7D9 /* FileManagerError.swift */ = {isa = PBXFileReference; lastKnownFileType = sourcecode.swift; path = FileManagerError.swift; sourceTree = "<group>"; };
		D18BF2C828A441070099AB8A /* PaddingSize.swift */ = {isa = PBXFileReference; lastKnownFileType = sourcecode.swift; path = PaddingSize.swift; sourceTree = "<group>"; };
		D18BF2CA28A441D90099AB8A /* CGFloat+Extension.swift */ = {isa = PBXFileReference; lastKnownFileType = sourcecode.swift; path = "CGFloat+Extension.swift"; sourceTree = "<group>"; };
		D19733D328708C330056FA2A /* OneCallRemoteDataSource.swift */ = {isa = PBXFileReference; lastKnownFileType = sourcecode.swift; path = OneCallRemoteDataSource.swift; sourceTree = "<group>"; };
		D19733E1287097380056FA2A /* OneCallRouter.swift */ = {isa = PBXFileReference; lastKnownFileType = sourcecode.swift; path = OneCallRouter.swift; sourceTree = "<group>"; };
		D1A3A1D328AE85B400DAB76D /* PlaceDetailView.swift */ = {isa = PBXFileReference; lastKnownFileType = sourcecode.swift; path = PlaceDetailView.swift; sourceTree = "<group>"; };
		D1A3A1D528AE85C300DAB76D /* PlaceDetailViewModel.swift */ = {isa = PBXFileReference; lastKnownFileType = sourcecode.swift; path = PlaceDetailViewModel.swift; sourceTree = "<group>"; };
		D1A3A1D728AE874F00DAB76D /* CurrentWeatherView.swift */ = {isa = PBXFileReference; lastKnownFileType = sourcecode.swift; path = CurrentWeatherView.swift; sourceTree = "<group>"; };
		D1A3A1DC28AE878C00DAB76D /* CurrentWeatherViewModel.swift */ = {isa = PBXFileReference; lastKnownFileType = sourcecode.swift; path = CurrentWeatherViewModel.swift; sourceTree = "<group>"; };
		D1A3A1DE28AE888700DAB76D /* WeatherData+Fixtures.swift */ = {isa = PBXFileReference; lastKnownFileType = sourcecode.swift; path = "WeatherData+Fixtures.swift"; sourceTree = "<group>"; };
		D1A3A1E328AEC11400DAB76D /* TranslucentButtonStyle.swift */ = {isa = PBXFileReference; lastKnownFileType = sourcecode.swift; path = TranslucentButtonStyle.swift; sourceTree = "<group>"; };
		D1B64185289AFAC000807418 /* ErrorView.swift */ = {isa = PBXFileReference; lastKnownFileType = sourcecode.swift; path = ErrorView.swift; sourceTree = "<group>"; };
		D1B64187289AFC9B00807418 /* LoadingState.swift */ = {isa = PBXFileReference; lastKnownFileType = sourcecode.swift; path = LoadingState.swift; sourceTree = "<group>"; };
		D1B64189289AFCC500807418 /* LoadableObject.swift */ = {isa = PBXFileReference; lastKnownFileType = sourcecode.swift; path = LoadableObject.swift; sourceTree = "<group>"; };
		D1B6418F289B094400807418 /* DataError.swift */ = {isa = PBXFileReference; lastKnownFileType = sourcecode.swift; path = DataError.swift; sourceTree = "<group>"; };
		D1B64191289D8E9500807418 /* HourlyListView.swift */ = {isa = PBXFileReference; lastKnownFileType = sourcecode.swift; path = HourlyListView.swift; sourceTree = "<group>"; };
		D1D7AD942877687700D7D12C /* Double+Extension.swift */ = {isa = PBXFileReference; lastKnownFileType = sourcecode.swift; path = "Double+Extension.swift"; sourceTree = "<group>"; };
		D1D7AD9628776DA000D7D12C /* DailyTemperature.swift */ = {isa = PBXFileReference; lastKnownFileType = sourcecode.swift; path = DailyTemperature.swift; sourceTree = "<group>"; };
		D1D7AD9828776E9E00D7D12C /* DailyWeatherAttributes.swift */ = {isa = PBXFileReference; lastKnownFileType = sourcecode.swift; path = DailyWeatherAttributes.swift; sourceTree = "<group>"; };
		D1DFEA1928A13E35000EF39D /* Int+Extension.swift */ = {isa = PBXFileReference; lastKnownFileType = sourcecode.swift; path = "Int+Extension.swift"; sourceTree = "<group>"; };
		D1DFEA1B28A13EA8000EF39D /* DateFormats.swift */ = {isa = PBXFileReference; lastKnownFileType = sourcecode.swift; path = DateFormats.swift; sourceTree = "<group>"; };
		D1DFEA1D28A141B6000EF39D /* DailyListView.swift */ = {isa = PBXFileReference; lastKnownFileType = sourcecode.swift; path = DailyListView.swift; sourceTree = "<group>"; };
		D1E58ECE2870986B007ABE93 /* NetworkSettings.swift */ = {isa = PBXFileReference; lastKnownFileType = sourcecode.swift; path = NetworkSettings.swift; sourceTree = "<group>"; };
		D1F4E38128A29C09003F2E48 /* View+Extension.swift */ = {isa = PBXFileReference; lastKnownFileType = sourcecode.swift; path = "View+Extension.swift"; sourceTree = "<group>"; };
		D1F5357D2873183400E21925 /* OneCallRequestParams.swift */ = {isa = PBXFileReference; lastKnownFileType = sourcecode.swift; path = OneCallRequestParams.swift; sourceTree = "<group>"; };
		D1F5358228731FCF00E21925 /* ApiKey.swift */ = {isa = PBXFileReference; lastKnownFileType = sourcecode.swift; path = ApiKey.swift; sourceTree = "<group>"; };
		D1F535842873205900E21925 /* Constants.swift */ = {isa = PBXFileReference; lastKnownFileType = sourcecode.swift; path = Constants.swift; sourceTree = "<group>"; };
		D1F53586287329F200E21925 /* OneCallRepositoryImpl.swift */ = {isa = PBXFileReference; lastKnownFileType = sourcecode.swift; path = OneCallRepositoryImpl.swift; sourceTree = "<group>"; };
		D1F5358828732A6A00E21925 /* OneCallRepository.swift */ = {isa = PBXFileReference; lastKnownFileType = sourcecode.swift; path = OneCallRepository.swift; sourceTree = "<group>"; };
		D1F5358A28732AC300E21925 /* OneCallDataSource.swift */ = {isa = PBXFileReference; lastKnownFileType = sourcecode.swift; path = OneCallDataSource.swift; sourceTree = "<group>"; };
		D1F5358C28732B8200E21925 /* WeatherData.swift */ = {isa = PBXFileReference; lastKnownFileType = sourcecode.swift; path = WeatherData.swift; sourceTree = "<group>"; };
		D1F5358E28732F7000E21925 /* WeatherAttributes.swift */ = {isa = PBXFileReference; lastKnownFileType = sourcecode.swift; path = WeatherAttributes.swift; sourceTree = "<group>"; };
		D1F535902873316400E21925 /* WeatherInfo.swift */ = {isa = PBXFileReference; lastKnownFileType = sourcecode.swift; path = WeatherInfo.swift; sourceTree = "<group>"; };
		D1F535922873347A00E21925 /* GetCurrentWeatherUseCase.swift */ = {isa = PBXFileReference; lastKnownFileType = sourcecode.swift; path = GetCurrentWeatherUseCase.swift; sourceTree = "<group>"; };
		D1F535962873620D00E21925 /* DashboardViewModel.swift */ = {isa = PBXFileReference; lastKnownFileType = sourcecode.swift; path = DashboardViewModel.swift; sourceTree = "<group>"; };
		D1F535982873622E00E21925 /* DashboardView.swift */ = {isa = PBXFileReference; lastKnownFileType = sourcecode.swift; path = DashboardView.swift; sourceTree = "<group>"; };
		D1F5359E28736BC400E21925 /* DependencyInjectionContainer.swift */ = {isa = PBXFileReference; lastKnownFileType = sourcecode.swift; path = DependencyInjectionContainer.swift; sourceTree = "<group>"; };
		D1F535A12873749200E21925 /* CompositionRoot.swift */ = {isa = PBXFileReference; lastKnownFileType = sourcecode.swift; path = CompositionRoot.swift; sourceTree = "<group>"; };
		D1FC60802874749800F28FBD /* SwiftUI.framework */ = {isa = PBXFileReference; lastKnownFileType = wrapper.framework; name = SwiftUI.framework; path = System/Library/Frameworks/SwiftUI.framework; sourceTree = SDKROOT; };
		D1FC608428747DD700F28FBD /* GetUserLocationUseCase.swift */ = {isa = PBXFileReference; lastKnownFileType = sourcecode.swift; path = GetUserLocationUseCase.swift; sourceTree = "<group>"; };
		D1FC6087287486E000F28FBD /* LocationError.swift */ = {isa = PBXFileReference; lastKnownFileType = sourcecode.swift; path = LocationError.swift; sourceTree = "<group>"; };
/* End PBXFileReference section */

/* Begin PBXFrameworksBuildPhase section */
		D13231492743DFCD004D8512 /* Frameworks */ = {
			isa = PBXFrameworksBuildPhase;
			buildActionMask = 2147483647;
			files = (
				D19733DF287095B70056FA2A /* CombineMoya in Frameworks */,
				D150C91928A2E5DA00121F52 /* MapKit.framework in Frameworks */,
				D1F5359C28736A7600E21925 /* Swinject-Dynamic in Frameworks */,
			);
			runOnlyForDeploymentPostprocessing = 0;
		};
		D13231592743DFCE004D8512 /* Frameworks */ = {
			isa = PBXFrameworksBuildPhase;
			buildActionMask = 2147483647;
			files = (
			);
			runOnlyForDeploymentPostprocessing = 0;
		};
		D13231632743DFCE004D8512 /* Frameworks */ = {
			isa = PBXFrameworksBuildPhase;
			buildActionMask = 2147483647;
			files = (
			);
			runOnlyForDeploymentPostprocessing = 0;
		};
/* End PBXFrameworksBuildPhase section */

/* Begin PBXGroup section */
		D10A879528A424CA007BC519 /* Fixtures */ = {
			isa = PBXGroup;
			children = (
				D10A879628A424E5007BC519 /* AddressLocation+Fixtures.swift */,
				D10A879828A42672007BC519 /* WeatherAttributes+Fixtures.swift */,
				D10A879A28A42782007BC519 /* WeatherInfo+Fixtures.swift */,
				D10A879C28A42D62007BC519 /* DailyWeatherAttributes+Fixtures.swift */,
				D10A879E28A42E67007BC519 /* DailyTemperature+Fixtures.swift */,
				D1A3A1DE28AE888700DAB76D /* WeatherData+Fixtures.swift */,
			);
			path = Fixtures;
			sourceTree = "<group>";
		};
		D10A87A028A43123007BC519 /* ViewModifiers */ = {
			isa = PBXGroup;
			children = (
			);
			path = ViewModifiers;
			sourceTree = "<group>";
		};
		D13135C628A18C180050B1EA /* TabBar */ = {
			isa = PBXGroup;
			children = (
				D13135C728A18C2F0050B1EA /* TabBarView.swift */,
			);
			path = TabBar;
			sourceTree = "<group>";
		};
		D13135C928A1909C0050B1EA /* SearchPlace */ = {
			isa = PBXGroup;
			children = (
				D13135CA28A190AE0050B1EA /* SearchPlaceView.swift */,
				D150C90628A2CAFD00121F52 /* SearchPlaceViewModel.swift */,
			);
			path = SearchPlace;
			sourceTree = "<group>";
		};
		D13231432743DFCD004D8512 = {
			isa = PBXGroup;
			children = (
				D132314E2743DFCD004D8512 /* WhatWeather */,
				D132315F2743DFCE004D8512 /* WhatWeatherTests */,
				D13231692743DFCE004D8512 /* WhatWeatherUITests */,
				D132314D2743DFCD004D8512 /* Products */,
				D1FC607F2874749700F28FBD /* Frameworks */,
			);
			sourceTree = "<group>";
		};
		D132314D2743DFCD004D8512 /* Products */ = {
			isa = PBXGroup;
			children = (
				D132314C2743DFCD004D8512 /* WhatWeather.app */,
				D132315C2743DFCE004D8512 /* WhatWeatherTests.xctest */,
				D13231662743DFCE004D8512 /* WhatWeatherUITests.xctest */,
			);
			name = Products;
			sourceTree = "<group>";
		};
		D132314E2743DFCD004D8512 /* WhatWeather */ = {
			isa = PBXGroup;
			children = (
				D150C91728A2E5DA00121F52 /* Info.plist */,
				D1E58ECD2870985A007ABE93 /* Core */,
				D19733CB287088450056FA2A /* Presentation */,
				D19733CA287088420056FA2A /* Domain */,
				D19733C92870883E0056FA2A /* Data */,
				D132314F2743DFCD004D8512 /* WhatWeatherApp.swift */,
				D13231532743DFCE004D8512 /* Assets.xcassets */,
				D13135CC28A194F00050B1EA /* Colors.xcassets */,
				D13231552743DFCE004D8512 /* Preview Content */,
			);
			path = WhatWeather;
			sourceTree = "<group>";
		};
		D13231552743DFCE004D8512 /* Preview Content */ = {
			isa = PBXGroup;
			children = (
				D13231562743DFCE004D8512 /* Preview Assets.xcassets */,
			);
			path = "Preview Content";
			sourceTree = "<group>";
		};
		D132315F2743DFCE004D8512 /* WhatWeatherTests */ = {
			isa = PBXGroup;
			children = (
				D13231602743DFCE004D8512 /* WhatWeatherTests.swift */,
			);
			path = WhatWeatherTests;
			sourceTree = "<group>";
		};
		D13231692743DFCE004D8512 /* WhatWeatherUITests */ = {
			isa = PBXGroup;
			children = (
				D132316A2743DFCE004D8512 /* WhatWeatherUITests.swift */,
				D132316C2743DFCE004D8512 /* WhatWeatherUITestsLaunchTests.swift */,
			);
			path = WhatWeatherUITests;
			sourceTree = "<group>";
		};
		D150C91028A2D0B300121F52 /* Geocoder */ = {
			isa = PBXGroup;
			children = (
				D150C91128A2D0C400121F52 /* GeocoderRemoteDataSource.swift */,
				D10A878F28A3D9B7007BC519 /* GeocoderRouter.swift */,
			);
			path = Geocoder;
			sourceTree = "<group>";
		};
		D18B574528A572010073A7D9 /* Icons */ = {
			isa = PBXGroup;
			children = (
				D18B574628A5721E0073A7D9 /* WeatherIconRemoteDataSource.swift */,
				D18B574828A572240073A7D9 /* WeatherIconRouter.swift */,
				D18B575828A589BF0073A7D9 /* WeatherIconDatabaseDataSource.swift */,
			);
			path = Icons;
			sourceTree = "<group>";
		};
		D19733C92870883E0056FA2A /* Data */ = {
			isa = PBXGroup;
			children = (
				D19733CD2870885E0056FA2A /* DataSource */,
				D19733CC287088520056FA2A /* Repository */,
			);
			path = Data;
			sourceTree = "<group>";
		};
		D19733CA287088420056FA2A /* Domain */ = {
			isa = PBXGroup;
			children = (
				D19733D1287088CC0056FA2A /* UseCase */,
				D19733D0287088C90056FA2A /* Repository */,
				D19733CF287088C60056FA2A /* Model */,
			);
			path = Domain;
			sourceTree = "<group>";
		};
		D19733CB287088450056FA2A /* Presentation */ = {
			isa = PBXGroup;
			children = (
				D1A3A1E228AEC10800DAB76D /* Styles */,
				D10A87A028A43123007BC519 /* ViewModifiers */,
				D1B64184289AFAB700807418 /* Components */,
				D1A3A1D228AE859E00DAB76D /* PlaceDetail */,
				D13135C928A1909C0050B1EA /* SearchPlace */,
				D13135C628A18C180050B1EA /* TabBar */,
				D1F53594287361D400E21925 /* Dashboard */,
			);
			path = Presentation;
			sourceTree = "<group>";
		};
		D19733CC287088520056FA2A /* Repository */ = {
			isa = PBXGroup;
			children = (
				D1F53586287329F200E21925 /* OneCallRepositoryImpl.swift */,
				D150C90C28A2CFF100121F52 /* GeocodeRepositoryImpl.swift */,
				D18B575028A577930073A7D9 /* WeatherIconRepositoryImpl.swift */,
			);
			path = Repository;
			sourceTree = "<group>";
		};
		D19733CD2870885E0056FA2A /* DataSource */ = {
			isa = PBXGroup;
			children = (
				D19733D228708A080056FA2A /* API */,
				D1F5358A28732AC300E21925 /* OneCallDataSource.swift */,
				D150C90E28A2D08600121F52 /* GeocoderDataSource.swift */,
				D18B574E28A577430073A7D9 /* WeatherIconDataSource.swift */,
			);
			path = DataSource;
			sourceTree = "<group>";
		};
		D19733CE287088780056FA2A /* Entity */ = {
			isa = PBXGroup;
			children = (
				D1F5357D2873183400E21925 /* OneCallRequestParams.swift */,
				D10A879128A3DA27007BC519 /* DirectGeocodingParams.swift */,
				D18B574A28A572600073A7D9 /* WeatherIconParams.swift */,
			);
			path = Entity;
			sourceTree = "<group>";
		};
		D19733CF287088C60056FA2A /* Model */ = {
			isa = PBXGroup;
			children = (
				D10A879528A424CA007BC519 /* Fixtures */,
				D1FC6086287486D700F28FBD /* Enums */,
				D1F5358C28732B8200E21925 /* WeatherData.swift */,
				D1F5358E28732F7000E21925 /* WeatherAttributes.swift */,
				D1D7AD9828776E9E00D7D12C /* DailyWeatherAttributes.swift */,
				D1D7AD9628776DA000D7D12C /* DailyTemperature.swift */,
				D1F535902873316400E21925 /* WeatherInfo.swift */,
				D1B64189289AFCC500807418 /* LoadableObject.swift */,
				D150C91528A2E09F00121F52 /* AddressLocation.swift */,
			);
			path = Model;
			sourceTree = "<group>";
		};
		D19733D0287088C90056FA2A /* Repository */ = {
			isa = PBXGroup;
			children = (
				D1F5358828732A6A00E21925 /* OneCallRepository.swift */,
				D150C90A28A2CE1D00121F52 /* GeocoderRepository.swift */,
				D18B575228A577AF0073A7D9 /* WeatherIconRepository.swift */,
			);
			path = Repository;
			sourceTree = "<group>";
		};
		D19733D1287088CC0056FA2A /* UseCase */ = {
			isa = PBXGroup;
			children = (
				D1F535922873347A00E21925 /* GetCurrentWeatherUseCase.swift */,
				D1FC608428747DD700F28FBD /* GetUserLocationUseCase.swift */,
				D150C90828A2CBBA00121F52 /* GetPlacesUseCase.swift */,
				D150C91328A2D30F00121F52 /* GetUserAddressUseCase.swift */,
				D18B575428A584F50073A7D9 /* GetWeatherIconUseCase.swift */,
			);
			path = UseCase;
			sourceTree = "<group>";
		};
		D19733D228708A080056FA2A /* API */ = {
			isa = PBXGroup;
			children = (
				D18B574528A572010073A7D9 /* Icons */,
				D150C91028A2D0B300121F52 /* Geocoder */,
				D19733E02870971B0056FA2A /* OneCall */,
				D19733CE287088780056FA2A /* Entity */,
			);
			path = API;
			sourceTree = "<group>";
		};
		D19733E02870971B0056FA2A /* OneCall */ = {
			isa = PBXGroup;
			children = (
				D19733D328708C330056FA2A /* OneCallRemoteDataSource.swift */,
				D19733E1287097380056FA2A /* OneCallRouter.swift */,
			);
			path = OneCall;
			sourceTree = "<group>";
		};
		D1A3A1D228AE859E00DAB76D /* PlaceDetail */ = {
			isa = PBXGroup;
			children = (
				D1A3A1D328AE85B400DAB76D /* PlaceDetailView.swift */,
				D1A3A1D528AE85C300DAB76D /* PlaceDetailViewModel.swift */,
			);
			path = PlaceDetail;
			sourceTree = "<group>";
		};
		D1A3A1D928AE877000DAB76D /* CurrentWeatherView */ = {
			isa = PBXGroup;
			children = (
				D1A3A1D728AE874F00DAB76D /* CurrentWeatherView.swift */,
				D1A3A1DC28AE878C00DAB76D /* CurrentWeatherViewModel.swift */,
			);
			path = CurrentWeatherView;
			sourceTree = "<group>";
		};
		D1A3A1E228AEC10800DAB76D /* Styles */ = {
			isa = PBXGroup;
			children = (
				D1A3A1E328AEC11400DAB76D /* TranslucentButtonStyle.swift */,
			);
			path = Styles;
			sourceTree = "<group>";
		};
		D1B64184289AFAB700807418 /* Components */ = {
			isa = PBXGroup;
			children = (
				D1B64185289AFAC000807418 /* ErrorView.swift */,
				D1B64191289D8E9500807418 /* HourlyListView.swift */,
				D1DFEA1D28A141B6000EF39D /* DailyListView.swift */,
				D10A879328A3E191007BC519 /* SearchPlaceCell.swift */,
				D1A3A1D928AE877000DAB76D /* CurrentWeatherView */,
			);
			path = Components;
			sourceTree = "<group>";
		};
		D1D7AD932877685100D7D12C /* Extensions */ = {
			isa = PBXGroup;
			children = (
				D13135CE28A1968E0050B1EA /* Color+Extension.swift */,
				D1D7AD942877687700D7D12C /* Double+Extension.swift */,
				D1DFEA1928A13E35000EF39D /* Int+Extension.swift */,
				D1F4E38128A29C09003F2E48 /* View+Extension.swift */,
				D10A87A728A4359A007BC519 /* Font+Extension.swift */,
				D18BF2CA28A441D90099AB8A /* CGFloat+Extension.swift */,
				D18B574C28A5750A0073A7D9 /* String+Extension.swift */,
			);
			path = Extensions;
			sourceTree = "<group>";
		};
		D1E58ECD2870985A007ABE93 /* Core */ = {
			isa = PBXGroup;
			children = (
				D1D7AD932877685100D7D12C /* Extensions */,
				D1F535A02873746200E21925 /* Composite */,
				D1F5359D28736A8600E21925 /* DI */,
				D1F5357F28731B0500E21925 /* Networking */,
				D1F535842873205900E21925 /* Constants.swift */,
			);
			path = Core;
			sourceTree = "<group>";
		};
		D1F5357F28731B0500E21925 /* Networking */ = {
			isa = PBXGroup;
			children = (
				D1E58ECE2870986B007ABE93 /* NetworkSettings.swift */,
				D1F5358228731FCF00E21925 /* ApiKey.swift */,
			);
			path = Networking;
			sourceTree = "<group>";
		};
		D1F53594287361D400E21925 /* Dashboard */ = {
			isa = PBXGroup;
			children = (
				D1F535962873620D00E21925 /* DashboardViewModel.swift */,
				D1F535982873622E00E21925 /* DashboardView.swift */,
			);
			path = Dashboard;
			sourceTree = "<group>";
		};
		D1F5359D28736A8600E21925 /* DI */ = {
			isa = PBXGroup;
			children = (
				D1F5359E28736BC400E21925 /* DependencyInjectionContainer.swift */,
			);
			path = DI;
			sourceTree = "<group>";
		};
		D1F535A02873746200E21925 /* Composite */ = {
			isa = PBXGroup;
			children = (
				D1F535A12873749200E21925 /* CompositionRoot.swift */,
			);
			path = Composite;
			sourceTree = "<group>";
		};
		D1FC607F2874749700F28FBD /* Frameworks */ = {
			isa = PBXGroup;
			children = (
				D150C91828A2E5DA00121F52 /* MapKit.framework */,
				D1FC60802874749800F28FBD /* SwiftUI.framework */,
			);
			name = Frameworks;
			sourceTree = "<group>";
		};
		D1FC6086287486D700F28FBD /* Enums */ = {
			isa = PBXGroup;
			children = (
				D1FC6087287486E000F28FBD /* LocationError.swift */,
				D1B64187289AFC9B00807418 /* LoadingState.swift */,
				D1B6418F289B094400807418 /* DataError.swift */,
				D18B575A28A58B130073A7D9 /* FileManagerError.swift */,
				D1DFEA1B28A13EA8000EF39D /* DateFormats.swift */,
				D10A87A328A4320E007BC519 /* FontWeight.swift */,
				D10A87A528A43291007BC519 /* FontSize.swift */,
				D18BF2C828A441070099AB8A /* PaddingSize.swift */,
				D18B575628A588E50073A7D9 /* DataSourceType.swift */,
			);
			path = Enums;
			sourceTree = "<group>";
		};
/* End PBXGroup section */

/* Begin PBXNativeTarget section */
		D132314B2743DFCD004D8512 /* WhatWeather */ = {
			isa = PBXNativeTarget;
			buildConfigurationList = D13231702743DFCE004D8512 /* Build configuration list for PBXNativeTarget "WhatWeather" */;
			buildPhases = (
				D13231482743DFCD004D8512 /* Sources */,
				D13231492743DFCD004D8512 /* Frameworks */,
				D132314A2743DFCD004D8512 /* Resources */,
				D1FC6083287474C300F28FBD /* Embed Frameworks */,
			);
			buildRules = (
			);
			dependencies = (
			);
			name = WhatWeather;
			packageProductDependencies = (
				D19733DE287095B70056FA2A /* CombineMoya */,
				D1F5359B28736A7600E21925 /* Swinject-Dynamic */,
			);
			productName = WhatWeather;
			productReference = D132314C2743DFCD004D8512 /* WhatWeather.app */;
			productType = "com.apple.product-type.application";
		};
		D132315B2743DFCE004D8512 /* WhatWeatherTests */ = {
			isa = PBXNativeTarget;
			buildConfigurationList = D13231732743DFCE004D8512 /* Build configuration list for PBXNativeTarget "WhatWeatherTests" */;
			buildPhases = (
				D13231582743DFCE004D8512 /* Sources */,
				D13231592743DFCE004D8512 /* Frameworks */,
				D132315A2743DFCE004D8512 /* Resources */,
			);
			buildRules = (
			);
			dependencies = (
				D132315E2743DFCE004D8512 /* PBXTargetDependency */,
			);
			name = WhatWeatherTests;
			productName = WhatWeatherTests;
			productReference = D132315C2743DFCE004D8512 /* WhatWeatherTests.xctest */;
			productType = "com.apple.product-type.bundle.unit-test";
		};
		D13231652743DFCE004D8512 /* WhatWeatherUITests */ = {
			isa = PBXNativeTarget;
			buildConfigurationList = D13231762743DFCE004D8512 /* Build configuration list for PBXNativeTarget "WhatWeatherUITests" */;
			buildPhases = (
				D13231622743DFCE004D8512 /* Sources */,
				D13231632743DFCE004D8512 /* Frameworks */,
				D13231642743DFCE004D8512 /* Resources */,
			);
			buildRules = (
			);
			dependencies = (
				D13231682743DFCE004D8512 /* PBXTargetDependency */,
			);
			name = WhatWeatherUITests;
			productName = WhatWeatherUITests;
			productReference = D13231662743DFCE004D8512 /* WhatWeatherUITests.xctest */;
			productType = "com.apple.product-type.bundle.ui-testing";
		};
/* End PBXNativeTarget section */

/* Begin PBXProject section */
		D13231442743DFCD004D8512 /* Project object */ = {
			isa = PBXProject;
			attributes = {
				BuildIndependentTargetsInParallel = 1;
				LastSwiftUpdateCheck = 1310;
				LastUpgradeCheck = 1310;
				TargetAttributes = {
					D132314B2743DFCD004D8512 = {
						CreatedOnToolsVersion = 13.1;
					};
					D132315B2743DFCE004D8512 = {
						CreatedOnToolsVersion = 13.1;
						TestTargetID = D132314B2743DFCD004D8512;
					};
					D13231652743DFCE004D8512 = {
						CreatedOnToolsVersion = 13.1;
						TestTargetID = D132314B2743DFCD004D8512;
					};
				};
			};
			buildConfigurationList = D13231472743DFCD004D8512 /* Build configuration list for PBXProject "WhatWeather" */;
			compatibilityVersion = "Xcode 13.0";
			developmentRegion = en;
			hasScannedForEncodings = 0;
			knownRegions = (
				en,
				Base,
			);
			mainGroup = D13231432743DFCD004D8512;
			packageReferences = (
				D19733DD287095B70056FA2A /* XCRemoteSwiftPackageReference "Moya" */,
				D1F5359A28736A7600E21925 /* XCRemoteSwiftPackageReference "Swinject" */,
			);
			productRefGroup = D132314D2743DFCD004D8512 /* Products */;
			projectDirPath = "";
			projectRoot = "";
			targets = (
				D132314B2743DFCD004D8512 /* WhatWeather */,
				D132315B2743DFCE004D8512 /* WhatWeatherTests */,
				D13231652743DFCE004D8512 /* WhatWeatherUITests */,
			);
		};
/* End PBXProject section */

/* Begin PBXResourcesBuildPhase section */
		D132314A2743DFCD004D8512 /* Resources */ = {
			isa = PBXResourcesBuildPhase;
			buildActionMask = 2147483647;
			files = (
				D13135CD28A194F00050B1EA /* Colors.xcassets in Resources */,
				D13231572743DFCE004D8512 /* Preview Assets.xcassets in Resources */,
				D13231542743DFCE004D8512 /* Assets.xcassets in Resources */,
			);
			runOnlyForDeploymentPostprocessing = 0;
		};
		D132315A2743DFCE004D8512 /* Resources */ = {
			isa = PBXResourcesBuildPhase;
			buildActionMask = 2147483647;
			files = (
			);
			runOnlyForDeploymentPostprocessing = 0;
		};
		D13231642743DFCE004D8512 /* Resources */ = {
			isa = PBXResourcesBuildPhase;
			buildActionMask = 2147483647;
			files = (
			);
			runOnlyForDeploymentPostprocessing = 0;
		};
/* End PBXResourcesBuildPhase section */

/* Begin PBXSourcesBuildPhase section */
		D13231482743DFCD004D8512 /* Sources */ = {
			isa = PBXSourcesBuildPhase;
			buildActionMask = 2147483647;
			files = (
				D18B574B28A572600073A7D9 /* WeatherIconParams.swift in Sources */,
				D10A879028A3D9B7007BC519 /* GeocoderRouter.swift in Sources */,
				D1F535A22873749200E21925 /* CompositionRoot.swift in Sources */,
				D1F5359F28736BC400E21925 /* DependencyInjectionContainer.swift in Sources */,
				D1D7AD952877687700D7D12C /* Double+Extension.swift in Sources */,
				D13135CF28A1968E0050B1EA /* Color+Extension.swift in Sources */,
				D1F535912873316400E21925 /* WeatherInfo.swift in Sources */,
				D1F5358928732A6A00E21925 /* OneCallRepository.swift in Sources */,
				D150C90928A2CBBA00121F52 /* GetPlacesUseCase.swift in Sources */,
				D18B574728A5721E0073A7D9 /* WeatherIconRemoteDataSource.swift in Sources */,
				D1DFEA1A28A13E35000EF39D /* Int+Extension.swift in Sources */,
				D1F53587287329F200E21925 /* OneCallRepositoryImpl.swift in Sources */,
				D150C90728A2CAFD00121F52 /* SearchPlaceViewModel.swift in Sources */,
				D1B64192289D8E9500807418 /* HourlyListView.swift in Sources */,
				D1E58ECF2870986B007ABE93 /* NetworkSettings.swift in Sources */,
				D18B575128A577930073A7D9 /* WeatherIconRepositoryImpl.swift in Sources */,
				D18B574928A572240073A7D9 /* WeatherIconRouter.swift in Sources */,
				D150C90B28A2CE1D00121F52 /* GeocoderRepository.swift in Sources */,
				D10A879928A42672007BC519 /* WeatherAttributes+Fixtures.swift in Sources */,
				D18B575328A577AF0073A7D9 /* WeatherIconRepository.swift in Sources */,
				D1B64186289AFAC000807418 /* ErrorView.swift in Sources */,
				D150C91228A2D0C400121F52 /* GeocoderRemoteDataSource.swift in Sources */,
				D10A879D28A42D62007BC519 /* DailyWeatherAttributes+Fixtures.swift in Sources */,
				D1F5358D28732B8200E21925 /* WeatherData.swift in Sources */,
				D18B575528A584F50073A7D9 /* GetWeatherIconUseCase.swift in Sources */,
				D18B574F28A577430073A7D9 /* WeatherIconDataSource.swift in Sources */,
				D10A87A628A43291007BC519 /* FontSize.swift in Sources */,
				D1F4E38228A29C09003F2E48 /* View+Extension.swift in Sources */,
				D1A3A1DF28AE888700DAB76D /* WeatherData+Fixtures.swift in Sources */,
				D18BF2C928A441070099AB8A /* PaddingSize.swift in Sources */,
				D1DFEA1C28A13EA8000EF39D /* DateFormats.swift in Sources */,
				D10A879F28A42E67007BC519 /* DailyTemperature+Fixtures.swift in Sources */,
				D19733E2287097380056FA2A /* OneCallRouter.swift in Sources */,
				D18B574D28A5750A0073A7D9 /* String+Extension.swift in Sources */,
				D1F535972873620D00E21925 /* DashboardViewModel.swift in Sources */,
				D18BF2CB28A441D90099AB8A /* CGFloat+Extension.swift in Sources */,
				D10A879428A3E191007BC519 /* SearchPlaceCell.swift in Sources */,
				D10A87A428A4320E007BC519 /* FontWeight.swift in Sources */,
				D13231502743DFCD004D8512 /* WhatWeatherApp.swift in Sources */,
				D1F5358F28732F7000E21925 /* WeatherAttributes.swift in Sources */,
				D1A3A1E428AEC11400DAB76D /* TranslucentButtonStyle.swift in Sources */,
				D1F535992873622E00E21925 /* DashboardView.swift in Sources */,
				D1B6418A289AFCC500807418 /* LoadableObject.swift in Sources */,
				D13135C828A18C2F0050B1EA /* TabBarView.swift in Sources */,
				D1F5358328731FCF00E21925 /* ApiKey.swift in Sources */,
				D150C91428A2D30F00121F52 /* GetUserAddressUseCase.swift in Sources */,
				D1F5357E2873183400E21925 /* OneCallRequestParams.swift in Sources */,
				D150C91628A2E0A000121F52 /* AddressLocation.swift in Sources */,
				D13135CB28A190AE0050B1EA /* SearchPlaceView.swift in Sources */,
				D1B64190289B094400807418 /* DataError.swift in Sources */,
				D150C90D28A2CFF100121F52 /* GeocodeRepositoryImpl.swift in Sources */,
				D1FC608528747DD700F28FBD /* GetUserLocationUseCase.swift in Sources */,
				D18B575B28A58B130073A7D9 /* FileManagerError.swift in Sources */,
				D1F5358B28732AC300E21925 /* OneCallDataSource.swift in Sources */,
				D1DFEA1E28A141B6000EF39D /* DailyListView.swift in Sources */,
				D1A3A1D828AE874F00DAB76D /* CurrentWeatherView.swift in Sources */,
				D19733D428708C330056FA2A /* OneCallRemoteDataSource.swift in Sources */,
				D18B575928A589BF0073A7D9 /* WeatherIconDatabaseDataSource.swift in Sources */,
				D1FC6088287486E000F28FBD /* LocationError.swift in Sources */,
				D1A3A1DD28AE878C00DAB76D /* CurrentWeatherViewModel.swift in Sources */,
				D10A879728A424E5007BC519 /* AddressLocation+Fixtures.swift in Sources */,
				D1A3A1D628AE85C300DAB76D /* PlaceDetailViewModel.swift in Sources */,
				D10A87A828A4359A007BC519 /* Font+Extension.swift in Sources */,
				D1F535852873205900E21925 /* Constants.swift in Sources */,
				D1D7AD9728776DA000D7D12C /* DailyTemperature.swift in Sources */,
				D18B575728A588E50073A7D9 /* DataSourceType.swift in Sources */,
				D1B64188289AFC9B00807418 /* LoadingState.swift in Sources */,
				D1F535932873347A00E21925 /* GetCurrentWeatherUseCase.swift in Sources */,
				D1A3A1D428AE85B400DAB76D /* PlaceDetailView.swift in Sources */,
				D150C90F28A2D08600121F52 /* GeocoderDataSource.swift in Sources */,
				D10A879B28A42782007BC519 /* WeatherInfo+Fixtures.swift in Sources */,
				D10A879228A3DA27007BC519 /* DirectGeocodingParams.swift in Sources */,
				D1D7AD9928776E9E00D7D12C /* DailyWeatherAttributes.swift in Sources */,
			);
			runOnlyForDeploymentPostprocessing = 0;
		};
		D13231582743DFCE004D8512 /* Sources */ = {
			isa = PBXSourcesBuildPhase;
			buildActionMask = 2147483647;
			files = (
				D13231612743DFCE004D8512 /* WhatWeatherTests.swift in Sources */,
			);
			runOnlyForDeploymentPostprocessing = 0;
		};
		D13231622743DFCE004D8512 /* Sources */ = {
			isa = PBXSourcesBuildPhase;
			buildActionMask = 2147483647;
			files = (
				D132316B2743DFCE004D8512 /* WhatWeatherUITests.swift in Sources */,
				D132316D2743DFCE004D8512 /* WhatWeatherUITestsLaunchTests.swift in Sources */,
			);
			runOnlyForDeploymentPostprocessing = 0;
		};
/* End PBXSourcesBuildPhase section */

/* Begin PBXTargetDependency section */
		D132315E2743DFCE004D8512 /* PBXTargetDependency */ = {
			isa = PBXTargetDependency;
			target = D132314B2743DFCD004D8512 /* WhatWeather */;
			targetProxy = D132315D2743DFCE004D8512 /* PBXContainerItemProxy */;
		};
		D13231682743DFCE004D8512 /* PBXTargetDependency */ = {
			isa = PBXTargetDependency;
			target = D132314B2743DFCD004D8512 /* WhatWeather */;
			targetProxy = D13231672743DFCE004D8512 /* PBXContainerItemProxy */;
		};
/* End PBXTargetDependency section */

/* Begin XCBuildConfiguration section */
		D132316E2743DFCE004D8512 /* Debug */ = {
			isa = XCBuildConfiguration;
			buildSettings = {
				ALWAYS_SEARCH_USER_PATHS = NO;
				CLANG_ANALYZER_NONNULL = YES;
				CLANG_ANALYZER_NUMBER_OBJECT_CONVERSION = YES_AGGRESSIVE;
				CLANG_CXX_LANGUAGE_STANDARD = "gnu++17";
				CLANG_CXX_LIBRARY = "libc++";
				CLANG_ENABLE_MODULES = YES;
				CLANG_ENABLE_OBJC_ARC = YES;
				CLANG_ENABLE_OBJC_WEAK = YES;
				CLANG_WARN_BLOCK_CAPTURE_AUTORELEASING = YES;
				CLANG_WARN_BOOL_CONVERSION = YES;
				CLANG_WARN_COMMA = YES;
				CLANG_WARN_CONSTANT_CONVERSION = YES;
				CLANG_WARN_DEPRECATED_OBJC_IMPLEMENTATIONS = YES;
				CLANG_WARN_DIRECT_OBJC_ISA_USAGE = YES_ERROR;
				CLANG_WARN_DOCUMENTATION_COMMENTS = YES;
				CLANG_WARN_EMPTY_BODY = YES;
				CLANG_WARN_ENUM_CONVERSION = YES;
				CLANG_WARN_INFINITE_RECURSION = YES;
				CLANG_WARN_INT_CONVERSION = YES;
				CLANG_WARN_NON_LITERAL_NULL_CONVERSION = YES;
				CLANG_WARN_OBJC_IMPLICIT_RETAIN_SELF = YES;
				CLANG_WARN_OBJC_LITERAL_CONVERSION = YES;
				CLANG_WARN_OBJC_ROOT_CLASS = YES_ERROR;
				CLANG_WARN_QUOTED_INCLUDE_IN_FRAMEWORK_HEADER = YES;
				CLANG_WARN_RANGE_LOOP_ANALYSIS = YES;
				CLANG_WARN_STRICT_PROTOTYPES = YES;
				CLANG_WARN_SUSPICIOUS_MOVE = YES;
				CLANG_WARN_UNGUARDED_AVAILABILITY = YES_AGGRESSIVE;
				CLANG_WARN_UNREACHABLE_CODE = YES;
				CLANG_WARN__DUPLICATE_METHOD_MATCH = YES;
				COPY_PHASE_STRIP = NO;
				DEBUG_INFORMATION_FORMAT = dwarf;
				ENABLE_STRICT_OBJC_MSGSEND = YES;
				ENABLE_TESTABILITY = YES;
				GCC_C_LANGUAGE_STANDARD = gnu11;
				GCC_DYNAMIC_NO_PIC = NO;
				GCC_NO_COMMON_BLOCKS = YES;
				GCC_OPTIMIZATION_LEVEL = 0;
				GCC_PREPROCESSOR_DEFINITIONS = (
					"DEBUG=1",
					"$(inherited)",
				);
				GCC_WARN_64_TO_32_BIT_CONVERSION = YES;
				GCC_WARN_ABOUT_RETURN_TYPE = YES_ERROR;
				GCC_WARN_UNDECLARED_SELECTOR = YES;
				GCC_WARN_UNINITIALIZED_AUTOS = YES_AGGRESSIVE;
				GCC_WARN_UNUSED_FUNCTION = YES;
				GCC_WARN_UNUSED_VARIABLE = YES;
				IPHONEOS_DEPLOYMENT_TARGET = 15.0;
				MTL_ENABLE_DEBUG_INFO = INCLUDE_SOURCE;
				MTL_FAST_MATH = YES;
				ONLY_ACTIVE_ARCH = YES;
				SDKROOT = iphoneos;
				SWIFT_ACTIVE_COMPILATION_CONDITIONS = DEBUG;
				SWIFT_OPTIMIZATION_LEVEL = "-Onone";
			};
			name = Debug;
		};
		D132316F2743DFCE004D8512 /* Release */ = {
			isa = XCBuildConfiguration;
			buildSettings = {
				ALWAYS_SEARCH_USER_PATHS = NO;
				CLANG_ANALYZER_NONNULL = YES;
				CLANG_ANALYZER_NUMBER_OBJECT_CONVERSION = YES_AGGRESSIVE;
				CLANG_CXX_LANGUAGE_STANDARD = "gnu++17";
				CLANG_CXX_LIBRARY = "libc++";
				CLANG_ENABLE_MODULES = YES;
				CLANG_ENABLE_OBJC_ARC = YES;
				CLANG_ENABLE_OBJC_WEAK = YES;
				CLANG_WARN_BLOCK_CAPTURE_AUTORELEASING = YES;
				CLANG_WARN_BOOL_CONVERSION = YES;
				CLANG_WARN_COMMA = YES;
				CLANG_WARN_CONSTANT_CONVERSION = YES;
				CLANG_WARN_DEPRECATED_OBJC_IMPLEMENTATIONS = YES;
				CLANG_WARN_DIRECT_OBJC_ISA_USAGE = YES_ERROR;
				CLANG_WARN_DOCUMENTATION_COMMENTS = YES;
				CLANG_WARN_EMPTY_BODY = YES;
				CLANG_WARN_ENUM_CONVERSION = YES;
				CLANG_WARN_INFINITE_RECURSION = YES;
				CLANG_WARN_INT_CONVERSION = YES;
				CLANG_WARN_NON_LITERAL_NULL_CONVERSION = YES;
				CLANG_WARN_OBJC_IMPLICIT_RETAIN_SELF = YES;
				CLANG_WARN_OBJC_LITERAL_CONVERSION = YES;
				CLANG_WARN_OBJC_ROOT_CLASS = YES_ERROR;
				CLANG_WARN_QUOTED_INCLUDE_IN_FRAMEWORK_HEADER = YES;
				CLANG_WARN_RANGE_LOOP_ANALYSIS = YES;
				CLANG_WARN_STRICT_PROTOTYPES = YES;
				CLANG_WARN_SUSPICIOUS_MOVE = YES;
				CLANG_WARN_UNGUARDED_AVAILABILITY = YES_AGGRESSIVE;
				CLANG_WARN_UNREACHABLE_CODE = YES;
				CLANG_WARN__DUPLICATE_METHOD_MATCH = YES;
				COPY_PHASE_STRIP = NO;
				DEBUG_INFORMATION_FORMAT = "dwarf-with-dsym";
				ENABLE_NS_ASSERTIONS = NO;
				ENABLE_STRICT_OBJC_MSGSEND = YES;
				GCC_C_LANGUAGE_STANDARD = gnu11;
				GCC_NO_COMMON_BLOCKS = YES;
				GCC_WARN_64_TO_32_BIT_CONVERSION = YES;
				GCC_WARN_ABOUT_RETURN_TYPE = YES_ERROR;
				GCC_WARN_UNDECLARED_SELECTOR = YES;
				GCC_WARN_UNINITIALIZED_AUTOS = YES_AGGRESSIVE;
				GCC_WARN_UNUSED_FUNCTION = YES;
				GCC_WARN_UNUSED_VARIABLE = YES;
				IPHONEOS_DEPLOYMENT_TARGET = 15.0;
				MTL_ENABLE_DEBUG_INFO = NO;
				MTL_FAST_MATH = YES;
				SDKROOT = iphoneos;
				SWIFT_COMPILATION_MODE = wholemodule;
				SWIFT_OPTIMIZATION_LEVEL = "-O";
				VALIDATE_PRODUCT = YES;
			};
			name = Release;
		};
		D13231712743DFCE004D8512 /* Debug */ = {
			isa = XCBuildConfiguration;
			buildSettings = {
				ASSETCATALOG_COMPILER_APPICON_NAME = AppIcon;
				ASSETCATALOG_COMPILER_GLOBAL_ACCENT_COLOR_NAME = AccentColor;
				CODE_SIGN_STYLE = Automatic;
				CURRENT_PROJECT_VERSION = 1;
				DEVELOPMENT_ASSET_PATHS = "\"WhatWeather/Preview Content\"";
				DEVELOPMENT_TEAM = W7L72F5H99;
				ENABLE_PREVIEWS = YES;
				GENERATE_INFOPLIST_FILE = YES;
				INFOPLIST_FILE = WhatWeather/Info.plist;
				INFOPLIST_KEY_NSLocationAlwaysUsageDescription = "This app uses your location to search the current weather";
				INFOPLIST_KEY_NSLocationWhenInUseUsageDescription = "This app uses your location to show the current weather";
				INFOPLIST_KEY_UIApplicationSceneManifest_Generation = YES;
				INFOPLIST_KEY_UIApplicationSupportsIndirectInputEvents = YES;
				INFOPLIST_KEY_UILaunchScreen_Generation = YES;
				INFOPLIST_KEY_UISupportedInterfaceOrientations_iPad = "UIInterfaceOrientationPortrait UIInterfaceOrientationPortraitUpsideDown UIInterfaceOrientationLandscapeLeft UIInterfaceOrientationLandscapeRight";
				INFOPLIST_KEY_UISupportedInterfaceOrientations_iPhone = "UIInterfaceOrientationPortrait UIInterfaceOrientationLandscapeLeft UIInterfaceOrientationLandscapeRight";
				LD_RUNPATH_SEARCH_PATHS = (
					"$(inherited)",
					"@executable_path/Frameworks",
				);
				MARKETING_VERSION = 1.0;
				PRODUCT_BUNDLE_IDENTIFIER = AR.WhatWeather;
				PRODUCT_NAME = "$(TARGET_NAME)";
				SWIFT_EMIT_LOC_STRINGS = YES;
				SWIFT_VERSION = 5.0;
				TARGETED_DEVICE_FAMILY = "1,2";
			};
			name = Debug;
		};
		D13231722743DFCE004D8512 /* Release */ = {
			isa = XCBuildConfiguration;
			buildSettings = {
				ASSETCATALOG_COMPILER_APPICON_NAME = AppIcon;
				ASSETCATALOG_COMPILER_GLOBAL_ACCENT_COLOR_NAME = AccentColor;
				CODE_SIGN_STYLE = Automatic;
				CURRENT_PROJECT_VERSION = 1;
				DEVELOPMENT_ASSET_PATHS = "\"WhatWeather/Preview Content\"";
				DEVELOPMENT_TEAM = W7L72F5H99;
				ENABLE_PREVIEWS = YES;
				GENERATE_INFOPLIST_FILE = YES;
				INFOPLIST_FILE = WhatWeather/Info.plist;
				INFOPLIST_KEY_NSLocationAlwaysUsageDescription = "This app uses your location to search the current weather";
				INFOPLIST_KEY_NSLocationWhenInUseUsageDescription = "This app uses your location to show the current weather";
				INFOPLIST_KEY_UIApplicationSceneManifest_Generation = YES;
				INFOPLIST_KEY_UIApplicationSupportsIndirectInputEvents = YES;
				INFOPLIST_KEY_UILaunchScreen_Generation = YES;
				INFOPLIST_KEY_UISupportedInterfaceOrientations_iPad = "UIInterfaceOrientationPortrait UIInterfaceOrientationPortraitUpsideDown UIInterfaceOrientationLandscapeLeft UIInterfaceOrientationLandscapeRight";
				INFOPLIST_KEY_UISupportedInterfaceOrientations_iPhone = "UIInterfaceOrientationPortrait UIInterfaceOrientationLandscapeLeft UIInterfaceOrientationLandscapeRight";
				LD_RUNPATH_SEARCH_PATHS = (
					"$(inherited)",
					"@executable_path/Frameworks",
				);
				MARKETING_VERSION = 1.0;
				PRODUCT_BUNDLE_IDENTIFIER = AR.WhatWeather;
				PRODUCT_NAME = "$(TARGET_NAME)";
				SWIFT_EMIT_LOC_STRINGS = YES;
				SWIFT_VERSION = 5.0;
				TARGETED_DEVICE_FAMILY = "1,2";
			};
			name = Release;
		};
		D13231742743DFCE004D8512 /* Debug */ = {
			isa = XCBuildConfiguration;
			buildSettings = {
				ALWAYS_EMBED_SWIFT_STANDARD_LIBRARIES = YES;
				BUNDLE_LOADER = "$(TEST_HOST)";
				CODE_SIGN_STYLE = Automatic;
				CURRENT_PROJECT_VERSION = 1;
				GENERATE_INFOPLIST_FILE = YES;
				IPHONEOS_DEPLOYMENT_TARGET = 15.0;
				LD_RUNPATH_SEARCH_PATHS = (
					"$(inherited)",
					"@executable_path/Frameworks",
					"@loader_path/Frameworks",
				);
				MARKETING_VERSION = 1.0;
				PRODUCT_BUNDLE_IDENTIFIER = AR.WhatWeatherTests;
				PRODUCT_NAME = "$(TARGET_NAME)";
				SWIFT_EMIT_LOC_STRINGS = NO;
				SWIFT_VERSION = 5.0;
				TARGETED_DEVICE_FAMILY = "1,2";
				TEST_HOST = "$(BUILT_PRODUCTS_DIR)/WhatWeather.app/WhatWeather";
			};
			name = Debug;
		};
		D13231752743DFCE004D8512 /* Release */ = {
			isa = XCBuildConfiguration;
			buildSettings = {
				ALWAYS_EMBED_SWIFT_STANDARD_LIBRARIES = YES;
				BUNDLE_LOADER = "$(TEST_HOST)";
				CODE_SIGN_STYLE = Automatic;
				CURRENT_PROJECT_VERSION = 1;
				GENERATE_INFOPLIST_FILE = YES;
				IPHONEOS_DEPLOYMENT_TARGET = 15.0;
				LD_RUNPATH_SEARCH_PATHS = (
					"$(inherited)",
					"@executable_path/Frameworks",
					"@loader_path/Frameworks",
				);
				MARKETING_VERSION = 1.0;
				PRODUCT_BUNDLE_IDENTIFIER = AR.WhatWeatherTests;
				PRODUCT_NAME = "$(TARGET_NAME)";
				SWIFT_EMIT_LOC_STRINGS = NO;
				SWIFT_VERSION = 5.0;
				TARGETED_DEVICE_FAMILY = "1,2";
				TEST_HOST = "$(BUILT_PRODUCTS_DIR)/WhatWeather.app/WhatWeather";
			};
			name = Release;
		};
		D13231772743DFCE004D8512 /* Debug */ = {
			isa = XCBuildConfiguration;
			buildSettings = {
				ALWAYS_EMBED_SWIFT_STANDARD_LIBRARIES = YES;
				CODE_SIGN_STYLE = Automatic;
				CURRENT_PROJECT_VERSION = 1;
				GENERATE_INFOPLIST_FILE = YES;
				LD_RUNPATH_SEARCH_PATHS = (
					"$(inherited)",
					"@executable_path/Frameworks",
					"@loader_path/Frameworks",
				);
				MARKETING_VERSION = 1.0;
				PRODUCT_BUNDLE_IDENTIFIER = AR.WhatWeatherUITests;
				PRODUCT_NAME = "$(TARGET_NAME)";
				SWIFT_EMIT_LOC_STRINGS = NO;
				SWIFT_VERSION = 5.0;
				TARGETED_DEVICE_FAMILY = "1,2";
				TEST_TARGET_NAME = WhatWeather;
			};
			name = Debug;
		};
		D13231782743DFCE004D8512 /* Release */ = {
			isa = XCBuildConfiguration;
			buildSettings = {
				ALWAYS_EMBED_SWIFT_STANDARD_LIBRARIES = YES;
				CODE_SIGN_STYLE = Automatic;
				CURRENT_PROJECT_VERSION = 1;
				GENERATE_INFOPLIST_FILE = YES;
				LD_RUNPATH_SEARCH_PATHS = (
					"$(inherited)",
					"@executable_path/Frameworks",
					"@loader_path/Frameworks",
				);
				MARKETING_VERSION = 1.0;
				PRODUCT_BUNDLE_IDENTIFIER = AR.WhatWeatherUITests;
				PRODUCT_NAME = "$(TARGET_NAME)";
				SWIFT_EMIT_LOC_STRINGS = NO;
				SWIFT_VERSION = 5.0;
				TARGETED_DEVICE_FAMILY = "1,2";
				TEST_TARGET_NAME = WhatWeather;
			};
			name = Release;
		};
/* End XCBuildConfiguration section */

/* Begin XCConfigurationList section */
		D13231472743DFCD004D8512 /* Build configuration list for PBXProject "WhatWeather" */ = {
			isa = XCConfigurationList;
			buildConfigurations = (
				D132316E2743DFCE004D8512 /* Debug */,
				D132316F2743DFCE004D8512 /* Release */,
			);
			defaultConfigurationIsVisible = 0;
			defaultConfigurationName = Release;
		};
		D13231702743DFCE004D8512 /* Build configuration list for PBXNativeTarget "WhatWeather" */ = {
			isa = XCConfigurationList;
			buildConfigurations = (
				D13231712743DFCE004D8512 /* Debug */,
				D13231722743DFCE004D8512 /* Release */,
			);
			defaultConfigurationIsVisible = 0;
			defaultConfigurationName = Release;
		};
		D13231732743DFCE004D8512 /* Build configuration list for PBXNativeTarget "WhatWeatherTests" */ = {
			isa = XCConfigurationList;
			buildConfigurations = (
				D13231742743DFCE004D8512 /* Debug */,
				D13231752743DFCE004D8512 /* Release */,
			);
			defaultConfigurationIsVisible = 0;
			defaultConfigurationName = Release;
		};
		D13231762743DFCE004D8512 /* Build configuration list for PBXNativeTarget "WhatWeatherUITests" */ = {
			isa = XCConfigurationList;
			buildConfigurations = (
				D13231772743DFCE004D8512 /* Debug */,
				D13231782743DFCE004D8512 /* Release */,
			);
			defaultConfigurationIsVisible = 0;
			defaultConfigurationName = Release;
		};
/* End XCConfigurationList section */

/* Begin XCRemoteSwiftPackageReference section */
		D19733DD287095B70056FA2A /* XCRemoteSwiftPackageReference "Moya" */ = {
			isa = XCRemoteSwiftPackageReference;
			repositoryURL = "https://github.com/Moya/Moya.git";
			requirement = {
				kind = upToNextMajorVersion;
				minimumVersion = 15.0.0;
			};
		};
		D1F5359A28736A7600E21925 /* XCRemoteSwiftPackageReference "Swinject" */ = {
			isa = XCRemoteSwiftPackageReference;
			repositoryURL = "https://github.com/Swinject/Swinject.git";
			requirement = {
				kind = upToNextMajorVersion;
				minimumVersion = 2.0.0;
			};
		};
/* End XCRemoteSwiftPackageReference section */

/* Begin XCSwiftPackageProductDependency section */
		D19733DE287095B70056FA2A /* CombineMoya */ = {
			isa = XCSwiftPackageProductDependency;
			package = D19733DD287095B70056FA2A /* XCRemoteSwiftPackageReference "Moya" */;
			productName = CombineMoya;
		};
		D1F5359B28736A7600E21925 /* Swinject-Dynamic */ = {
			isa = XCSwiftPackageProductDependency;
			package = D1F5359A28736A7600E21925 /* XCRemoteSwiftPackageReference "Swinject" */;
			productName = "Swinject-Dynamic";
		};
/* End XCSwiftPackageProductDependency section */
	};
	rootObject = D13231442743DFCD004D8512 /* Project object */;
}
